
Microsoft Visual Studio Solution File, Format Version 12.00
# Visual Studio 15
VisualStudioVersion = 15.0.27703.2042
MinimumVisualStudioVersion = 10.0.40219.1
Project("{FAE04EC0-301F-11D3-BF4B-00C04F79EFBC}") = "Auction.DAL", "Auction.DAL\Auction.DAL.csproj", "{267C43C9-76D6-4926-A343-D382F73E273C}"
EndProject
Project("{FAE04EC0-301F-11D3-BF4B-00C04F79EFBC}") = "Auction.BLL", "Auction.BLL\Auction.BLL.csproj", "{AA1229E7-2F9A-4C04-A8C6-B23736CB1C2B}"
EndProject
Project("{FAE04EC0-301F-11D3-BF4B-00C04F79EFBC}") = "Auction.PL.Tests", "Auction.PL.Tests\Auction.PL.Tests.csproj", "{3564ECF8-C59E-4C1D-AE44-07AC2D86619D}"
EndProject
Project("{FAE04EC0-301F-11D3-BF4B-00C04F79EFBC}") = "Auction.PL", "Auction.PL(1)\Auction.PL.csproj", "{1ACA704C-6258-41EC-A0F3-E32FC88FF6C5}"
EndProject
Global
	GlobalSection(SolutionConfigurationPlatforms) = preSolution
		Debug|Any CPU = Debug|Any CPU
		Release|Any CPU = Release|Any CPU
	EndGlobalSection
	GlobalSection(ProjectConfigurationPlatforms) = postSolution
		{267C43C9-76D6-4926-A343-D382F73E273C}.Debug|Any CPU.ActiveCfg = Debug|Any CPU
		{267C43C9-76D6-4926-A343-D382F73E273C}.Debug|Any CPU.Build.0 = Debug|Any CPU
		{267C43C9-76D6-4926-A343-D382F73E273C}.Release|Any CPU.ActiveCfg = Release|Any CPU
		{267C43C9-76D6-4926-A343-D382F73E273C}.Release|Any CPU.Build.0 = Release|Any CPU
		{AA1229E7-2F9A-4C04-A8C6-B23736CB1C2B}.Debug|Any CPU.ActiveCfg = Debug|Any CPU
		{AA1229E7-2F9A-4C04-A8C6-B23736CB1C2B}.Debug|Any CPU.Build.0 = Debug|Any CPU
		{AA1229E7-2F9A-4C04-A8C6-B23736CB1C2B}.Release|Any CPU.ActiveCfg = Release|Any CPU
		{AA1229E7-2F9A-4C04-A8C6-B23736CB1C2B}.Release|Any CPU.Build.0 = Release|Any CPU
		{3564ECF8-C59E-4C1D-AE44-07AC2D86619D}.Debug|Any CPU.ActiveCfg = Debug|Any CPU
		{3564ECF8-C59E-4C1D-AE44-07AC2D86619D}.Debug|Any CPU.Build.0 = Debug|Any CPU
		{3564ECF8-C59E-4C1D-AE44-07AC2D86619D}.Release|Any CPU.ActiveCfg = Release|Any CPU
		{3564ECF8-C59E-4C1D-AE44-07AC2D86619D}.Release|Any CPU.Build.0 = Release|Any CPU
		{1ACA704C-6258-41EC-A0F3-E32FC88FF6C5}.Debug|Any CPU.ActiveCfg = Debug|Any CPU
		{1ACA704C-6258-41EC-A0F3-E32FC88FF6C5}.Debug|Any CPU.Build.0 = Debug|Any CPU
		{1ACA704C-6258-41EC-A0F3-E32FC88FF6C5}.Release|Any CPU.ActiveCfg = Release|Any CPU
		{1ACA704C-6258-41EC-A0F3-E32FC88FF6C5}.Release|Any CPU.Build.0 = Release|Any CPU
	EndGlobalSection
	GlobalSection(SolutionProperties) = preSolution
		HideSolutionNode = FALSE
	EndGlobalSection
	GlobalSection(ExtensibilityGlobals) = postSolution
		SolutionGuid = {4F1A47FA-B041-4352-BB49-32D99AB0AB1A}
	EndGlobalSection
EndGlobal
